dependencies:
- name: common
  repository: https://charts.bitnami.com/bitnami
  version: 2.31.1
- name: reloader
  repository: https://stakater.github.io/stakater-charts
  version: 2.0.0
digest: sha256:7600b33c03eb2e74dfb325520d431cf33b37ac32f7a63732717de1366b2d2513
generated: "2025-05-07T17:45:58.224099401Z"
