dependencies:
- name: common
  repository: https://charts.bitnami.com/bitnami
  version: 2.31.3
- name: reloader
  repository: https://stakater.github.io/stakater-charts
  version: 2.2.0
digest: sha256:fea6fa94c311c020a04926a6d26d41f2e8e4537ae90361b81bc95a7b53713bf6
generated: "2025-08-07T00:05:00.256215208Z"
