dependencies:
- name: common
  repository: https://charts.bitnami.com/bitnami
  version: 2.31.3
- name: reloader
  repository: https://stakater.github.io/stakater-charts
  version: 2.2.16
digest: sha256:f79c1bf882c1e0d810928a796bb772eef6c6c6e2513e32e64a966483a9ca5448
generated: "2026-08-26T15:13:07.417634656Z"
